
Microsoft Visual Studio Solution File, Format Version 12.00
# Visual Studio Version 16
VisualStudioVersion = 16.0.29025.244
MinimumVisualStudioVersion = 10.0.40219.1
Project("{FAE04EC0-301F-11D3-BF4B-00C04F79EFBC}") = "Calculadora", "Calculadora\Calculadora.csproj", "{0F13326A-8BB8-44EF-B8B5-1E318A3BEB16}"
EndProject
Global
	GlobalSection(SolutionConfigurationPlatforms) = preSolution
		Debug|Any CPU = Debug|Any CPU
		Release|Any CPU = Release|Any CPU
	EndGlobalSection
	GlobalSection(ProjectConfigurationPlatforms) = postSolution
		{0F13326A-8BB8-44EF-B8B5-1E318A3BEB16}.Debug|Any CPU.ActiveCfg = Debug|Any CPU
		{0F13326A-8BB8-44EF-B8B5-1E318A3BEB16}.Debug|Any CPU.Build.0 = Debug|Any CPU
		{0F13326A-8BB8-44EF-B8B5-1E318A3BEB16}.Release|Any CPU.ActiveCfg = Release|Any CPU
		{0F13326A-8BB8-44EF-B8B5-1E318A3BEB16}.Release|Any CPU.Build.0 = Release|Any CPU
	EndGlobalSection
	GlobalSection(SolutionProperties) = preSolution
		HideSolutionNode = FALSE
	EndGlobalSection
	GlobalSection(ExtensibilityGlobals) = postSolution
		SolutionGuid = {47657BC3-BF89-45BF-87AD-E9BED3476E7B}
	EndGlobalSection
EndGlobal
